
Microsoft Visual Studio Solution File, Format Version 12.00
# Visual Studio Version 17
VisualStudioVersion = 17.1.32210.238
MinimumVisualStudioVersion = 10.0.40219.1
Project("{FAE04EC0-301F-11D3-BF4B-00C04F79EFBC}") = "Main", "Main.csproj", "{351DD642-65F5-4C8B-90C0-18014A4A2B3C}"
EndProject
Project("{54435603-DBB4-11D2-8724-00A0C9A8B90C}") = "Setup", "Setup\Setup.vdproj", "{6FD8C568-D3DE-49BF-9AE5-D08505A20D74}"
EndProject
Global
	GlobalSection(SolutionConfigurationPlatforms) = preSolution
		Debug|Any CPU = Debug|Any CPU
		Release|Any CPU = Release|Any CPU
	EndGlobalSection
	GlobalSection(ProjectConfigurationPlatforms) = postSolution
		{351DD642-65F5-4C8B-90C0-18014A4A2B3C}.Debug|Any CPU.ActiveCfg = Debug|Any CPU
		{351DD642-65F5-4C8B-90C0-18014A4A2B3C}.Debug|Any CPU.Build.0 = Debug|Any CPU
		{351DD642-65F5-4C8B-90C0-18014A4A2B3C}.Release|Any CPU.ActiveCfg = Release|Any CPU
		{351DD642-65F5-4C8B-90C0-18014A4A2B3C}.Release|Any CPU.Build.0 = Release|Any CPU
		{6FD8C568-D3DE-49BF-9AE5-D08505A20D74}.Debug|Any CPU.ActiveCfg = Debug
		{6FD8C568-D3DE-49BF-9AE5-D08505A20D74}.Release|Any CPU.ActiveCfg = Release
	EndGlobalSection
	GlobalSection(SolutionProperties) = preSolution
		HideSolutionNode = FALSE
	EndGlobalSection
	GlobalSection(ExtensibilityGlobals) = postSolution
		SolutionGuid = {35D8105A-2E82-4C2A-9AD3-74BA28C67E2B}
	EndGlobalSection
EndGlobal
